PODS:
  - Cartography (0.6.0)
  - IQKeyboardManagerSwift (4.0.4)
  - Material (1.42.8)
  - Starscream (1.1.3)

DEPENDENCIES:
  - Cartography (~> 0.6.0)
  - IQKeyboardManagerSwift
  - Material (~> 1.42.8)
  - Starscream (~> 1.1.3)

SPEC CHECKSUMS:
  Cartography: 70af183a248547694a8cfaa6b989cb7e04589985
  IQKeyboardManagerSwift: e0964d04d6a29b71016fd346dca13ecb80a2823a
  Material: dfe8929ff2a23044a16609314bb46f060bc8ebee
  Starscream: d662732354b40dd19ed1ece3e3c44c80b536b83c

PODFILE CHECKSUM: d2c3855fb5fda040d851648111f3b3ba61e6c8d2

COCOAPODS: 1.0.1
